
Microsoft Visual Studio Solution File, Format Version 12.00
# Visual Studio Version 16
VisualStudioVersion = 16.0.31129.286
MinimumVisualStudioVersion = 10.0.40219.1
Project("{FAE04EC0-301F-11D3-BF4B-00C04F79EFBC}") = "Roommates", "Roommates\Roommates.csproj", "{D8777F27-119C-4C47-9D16-36E26FA2AA09}"
EndProject
Global
	GlobalSection(SolutionConfigurationPlatforms) = preSolution
		Debug|Any CPU = Debug|Any CPU
		Release|Any CPU = Release|Any CPU
	EndGlobalSection
	GlobalSection(ProjectConfigurationPlatforms) = postSolution
		{D8777F27-119C-4C47-9D16-36E26FA2AA09}.Debug|Any CPU.ActiveCfg = Debug|Any CPU
		{D8777F27-119C-4C47-9D16-36E26FA2AA09}.Debug|Any CPU.Build.0 = Debug|Any CPU
		{D8777F27-119C-4C47-9D16-36E26FA2AA09}.Release|Any CPU.ActiveCfg = Release|Any CPU
		{D8777F27-119C-4C47-9D16-36E26FA2AA09}.Release|Any CPU.Build.0 = Release|Any CPU
	EndGlobalSection
	GlobalSection(SolutionProperties) = preSolution
		HideSolutionNode = FALSE
	EndGlobalSection
	GlobalSection(ExtensibilityGlobals) = postSolution
		SolutionGuid = {344BEEAB-0F9D-4F97-AE1B-410716D7F149}
	EndGlobalSection
EndGlobal
